// !$*UTF8*$!
{
	archiveVersion = 1;
	classes = {
	};
	objectVersion = 46;
	objects = {

/* Begin PBXBuildFile section */
		C8E458981B1163360081BA88 /* Smoke.scnp in Resources */ = {isa = PBXBuildFile; fileRef = C8E458961B1163360081BA88 /* Smoke.scnp */; };
		C8E458991B1163360081BA88 /* smoke.png in Resources */ = {isa = PBXBuildFile; fileRef = C8E458971B1163360081BA88 /* smoke.png */; };
		C8FAC57E1B11474B00087B5F /* AppDelegate.swift in Sources */ = {isa = PBXBuildFile; fileRef = C8FAC57D1B11474B00087B5F /* AppDelegate.swift */; };
		C8FAC5801B11474B00087B5F /* ViewController.swift in Sources */ = {isa = PBXBuildFile; fileRef = C8FAC57F1B11474B00087B5F /* ViewController.swift */; };
		C8FAC5831B11474B00087B5F /* Main.storyboard in Resources */ = {isa = PBXBuildFile; fileRef = C8FAC5811B11474B00087B5F /* Main.storyboard */; };
		C8FAC5851B11474B00087B5F /* Images.xcassets in Resources */ = {isa = PBXBuildFile; fileRef = C8FAC5841B11474B00087B5F /* Images.xcassets */; };
		C8FAC5881B11474B00087B5F /* LaunchScreen.xib in Resources */ = {isa = PBXBuildFile; fileRef = C8FAC5861B11474B00087B5F /* LaunchScreen.xib */; };
		C8FAC5941B11474B00087B5F /* pushplayTests.swift in Sources */ = {isa = PBXBuildFile; fileRef = C8FAC5931B11474B00087B5F /* pushplayTests.swift */; };
		C8FAC59E1B1147D700087B5F /* MotionKit.swift in Sources */ = {isa = PBXBuildFile; fileRef = C8FAC59D1B1147D700087B5F /* MotionKit.swift */; };
/* End PBXBuildFile section */

/* Begin PBXContainerItemProxy section */
		C8FAC58E1B11474B00087B5F /* PBXContainerItemProxy */ = {
			isa = PBXContainerItemProxy;
			containerPortal = C8FAC5701B11474B00087B5F /* Project object */;
			proxyType = 1;
			remoteGlobalIDString = C8FAC5771B11474B00087B5F;
			remoteInfo = pushplay;
		};
/* End PBXContainerItemProxy section */

/* Begin PBXFileReference section */
		C8E458961B1163360081BA88 /* Smoke.scnp */ = {isa = PBXFileReference; lastKnownFileType = file.scp; path = Smoke.scnp; sourceTree = "<group>"; };
		C8E458971B1163360081BA88 /* smoke.png */ = {isa = PBXFileReference; lastKnownFileType = image.png; path = smoke.png; sourceTree = "<group>"; };
		C8FAC5781B11474B00087B5F /* pushplay.app */ = {isa = PBXFileReference; explicitFileType = wrapper.application; includeInIndex = 0; path = pushplay.app; sourceTree = BUILT_PRODUCTS_DIR; };
		C8FAC57C1B11474B00087B5F /* Info.plist */ = {isa = PBXFileReference; lastKnownFileType = text.plist.xml; path = Info.plist; sourceTree = "<group>"; };
		C8FAC57D1B11474B00087B5F /* AppDelegate.swift */ = {isa = PBXFileReference; lastKnownFileType = sourcecode.swift; path = AppDelegate.swift; sourceTree = "<group>"; };
		C8FAC57F1B11474B00087B5F /* ViewController.swift */ = {isa = PBXFileReference; lastKnownFileType = sourcecode.swift; path = ViewController.swift; sourceTree = "<group>"; };
		C8FAC5821B11474B00087B5F /* Base */ = {isa = PBXFileReference; lastKnownFileType = file.storyboard; name = Base; path = Base.lproj/Main.storyboard; sourceTree = "<group>"; };
		C8FAC5841B11474B00087B5F /* Images.xcassets */ = {isa = PBXFileReference; lastKnownFileType = folder.assetcatalog; path = Images.xcassets; sourceTree = "<group>"; };
		C8FAC5871B11474B00087B5F /* Base */ = {isa = PBXFileReference; lastKnownFileType = file.xib; name = Base; path = Base.lproj/LaunchScreen.xib; sourceTree = "<group>"; };
		C8FAC58D1B11474B00087B5F /* pushplayTests.xctest */ = {isa = PBXFileReference; explicitFileType = wrapper.cfbundle; includeInIndex = 0; path = pushplayTests.xctest; sourceTree = BUILT_PRODUCTS_DIR; };
		C8FAC5921B11474B00087B5F /* Info.plist */ = {isa = PBXFileReference; lastKnownFileType = text.plist.xml; path = Info.plist; sourceTree = "<group>"; };
		C8FAC5931B11474B00087B5F /* pushplayTests.swift */ = {isa = PBXFileReference; lastKnownFileType = sourcecode.swift; path = pushplayTests.swift; sourceTree = "<group>"; };
		C8FAC59D1B1147D700087B5F /* MotionKit.swift */ = {isa = PBXFileReference; fileEncoding = 4; lastKnownFileType = sourcecode.swift; path = MotionKit.swift; sourceTree = "<group>"; };
		C8FAC59F1B1154FA00087B5F /* MyPlayground.playground */ = {isa = PBXFileReference; lastKnownFileType = file.playground; path = MyPlayground.playground; sourceTree = "<group>"; };
/* End PBXFileReference section */

/* Begin PBXFrameworksBuildPhase section */
		C8FAC5751B11474B00087B5F /* Frameworks */ = {
			isa = PBXFrameworksBuildPhase;
			buildActionMask = 2147483647;
			files = (
			);
			runOnlyForDeploymentPostprocessing = 0;
		};
		C8FAC58A1B11474B00087B5F /* Frameworks */ = {
			isa = PBXFrameworksBuildPhase;
			buildActionMask = 2147483647;
			files = (
			);
			runOnlyForDeploymentPostprocessing = 0;
		};
/* End PBXFrameworksBuildPhase section */

/* Begin PBXGroup section */
		C8FAC56F1B11474B00087B5F = {
			isa = PBXGroup;
			children = (
				C8E458961B1163360081BA88 /* Smoke.scnp */,
				C8E458971B1163360081BA88 /* smoke.png */,
				C8FAC59F1B1154FA00087B5F /* MyPlayground.playground */,
				C8FAC57A1B11474B00087B5F /* pushplay */,
				C8FAC5901B11474B00087B5F /* pushplayTests */,
				C8FAC5791B11474B00087B5F /* Products */,
			);
			sourceTree = "<group>";
		};
		C8FAC5791B11474B00087B5F /* Products */ = {
			isa = PBXGroup;
			children = (
				C8FAC5781B11474B00087B5F /* pushplay.app */,
				C8FAC58D1B11474B00087B5F /* pushplayTests.xctest */,
			);
			name = Products;
			sourceTree = "<group>";
		};
		C8FAC57A1B11474B00087B5F /* pushplay */ = {
			isa = PBXGroup;
			children = (
				C8FAC59D1B1147D700087B5F /* MotionKit.swift */,
				C8FAC57D1B11474B00087B5F /* AppDelegate.swift */,
				C8FAC57F1B11474B00087B5F /* ViewController.swift */,
				C8FAC5811B11474B00087B5F /* Main.storyboard */,
				C8FAC5841B11474B00087B5F /* Images.xcassets */,
				C8FAC5861B11474B00087B5F /* LaunchScreen.xib */,
				C8FAC57B1B11474B00087B5F /* Supporting Files */,
			);
			path = pushplay;
			sourceTree = "<group>";
		};
		C8FAC57B1B11474B00087B5F /* Supporting Files */ = {
			isa = PBXGroup;
			children = (
				C8FAC57C1B11474B00087B5F /* Info.plist */,
			);
			name = "Supporting Files";
			sourceTree = "<group>";
		};
		C8FAC5901B11474B00087B5F /* pushplayTests */ = {
			isa = PBXGroup;
			children = (
				C8FAC5931B11474B00087B5F /* pushplayTests.swift */,
				C8FAC5911B11474B00087B5F /* Supporting Files */,
			);
			path = pushplayTests;
			sourceTree = "<group>";
		};
		C8FAC5911B11474B00087B5F /* Supporting Files */ = {
			isa = PBXGroup;
			children = (
				C8FAC5921B11474B00087B5F /* Info.plist */,
			);
			name = "Supporting Files";
			sourceTree = "<group>";
		};
/* End PBXGroup section */

/* Begin PBXNativeTarget section */
		C8FAC5771B11474B00087B5F /* pushplay */ = {
			isa = PBXNativeTarget;
			buildConfigurationList = C8FAC5971B11474B00087B5F /* Build configuration list for PBXNativeTarget "pushplay" */;
			buildPhases = (
				C8FAC5741B11474B00087B5F /* Sources */,
				C8FAC5751B11474B00087B5F /* Frameworks */,
				C8FAC5761B11474B00087B5F /* Resources */,
			);
			buildRules = (
			);
			dependencies = (
			);
			name = pushplay;
			productName = pushplay;
			productReference = C8FAC5781B11474B00087B5F /* pushplay.app */;
			productType = "com.apple.product-type.application";
		};
		C8FAC58C1B11474B00087B5F /* pushplayTests */ = {
			isa = PBXNativeTarget;
			buildConfigurationList = C8FAC59A1B11474B00087B5F /* Build configuration list for PBXNativeTarget "pushplayTests" */;
			buildPhases = (
				C8FAC5891B11474B00087B5F /* Sources */,
				C8FAC58A1B11474B00087B5F /* Frameworks */,
				C8FAC58B1B11474B00087B5F /* Resources */,
			);
			buildRules = (
			);
			dependencies = (
				C8FAC58F1B11474B00087B5F /* PBXTargetDependency */,
			);
			name = pushplayTests;
			productName = pushplayTests;
			productReference = C8FAC58D1B11474B00087B5F /* pushplayTests.xctest */;
			productType = "com.apple.product-type.bundle.unit-test";
		};
/* End PBXNativeTarget section */

/* Begin PBXProject section */
		C8FAC5701B11474B00087B5F /* Project object */ = {
			isa = PBXProject;
			attributes = {
				LastUpgradeCheck = 0630;
				ORGANIZATIONNAME = "Morten Just Petersen";
				TargetAttributes = {
					C8FAC5771B11474B00087B5F = {
						CreatedOnToolsVersion = 6.3.1;
						DevelopmentTeam = UDGLB23X37;
					};
					C8FAC58C1B11474B00087B5F = {
						CreatedOnToolsVersion = 6.3.1;
						TestTargetID = C8FAC5771B11474B00087B5F;
					};
				};
			};
			buildConfigurationList = C8FAC5731B11474B00087B5F /* Build configuration list for PBXProject "pushplay" */;
			compatibilityVersion = "Xcode 3.2";
			developmentRegion = English;
			hasScannedForEncodings = 0;
			knownRegions = (
				en,
				Base,
			);
			mainGroup = C8FAC56F1B11474B00087B5F;
			productRefGroup = C8FAC5791B11474B00087B5F /* Products */;
			projectDirPath = "";
			projectRoot = "";
			targets = (
				C8FAC5771B11474B00087B5F /* pushplay */,
				C8FAC58C1B11474B00087B5F /* pushplayTests */,
			);
		};
/* End PBXProject section */

/* Begin PBXResourcesBuildPhase section */
		C8FAC5761B11474B00087B5F /* Resources */ = {
			isa = PBXResourcesBuildPhase;
			buildActionMask = 2147483647;
			files = (
				C8FAC5831B11474B00087B5F /* Main.storyboard in Resources */,
				C8FAC5881B11474B00087B5F /* LaunchScreen.xib in Resources */,
				C8E458991B1163360081BA88 /* smoke.png in Resources */,
				C8FAC5851B11474B00087B5F /* Images.xcassets in Resources */,
				C8E458981B1163360081BA88 /* Smoke.scnp in Resources */,
			);
			runOnlyForDeploymentPostprocessing = 0;
		};
		C8FAC58B1B11474B00087B5F /* Resources */ = {
			isa = PBXResourcesBuildPhase;
			buildActionMask = 2147483647;
			files = (
			);
			runOnlyForDeploymentPostprocessing = 0;
		};
/* End PBXResourcesBuildPhase section */

/* Begin PBXSourcesBuildPhase section */
		C8FAC5741B11474B00087B5F /* Sources */ = {
			isa = PBXSourcesBuildPhase;
			buildActionMask = 2147483647;
			files = (
				C8FAC5801B11474B00087B5F /* ViewController.swift in Sources */,
				C8FAC57E1B11474B00087B5F /* AppDelegate.swift in Sources */,
				C8FAC59E1B1147D700087B5F /* MotionKit.swift in Sources */,
			);
			runOnlyForDeploymentPostprocessing = 0;
		};
		C8FAC5891B11474B00087B5F /* Sources */ = {
			isa = PBXSourcesBuildPhase;
			buildActionMask = 2147483647;
			files = (
				C8FAC5941B11474B00087B5F /* pushplayTests.swift in Sources */,
			);
			runOnlyForDeploymentPostprocessing = 0;
		};
/* End PBXSourcesBuildPhase section */

/* Begin PBXTargetDependency section */
		C8FAC58F1B11474B00087B5F /* PBXTargetDependency */ = {
			isa = PBXTargetDependency;
			target = C8FAC5771B11474B00087B5F /* pushplay */;
			targetProxy = C8FAC58E1B11474B00087B5F /* PBXContainerItemProxy */;
		};
/* End PBXTargetDependency section */

/* Begin PBXVariantGroup section */
		C8FAC5811B11474B00087B5F /* Main.storyboard */ = {
			isa = PBXVariantGroup;
			children = (
				C8FAC5821B11474B00087B5F /* Base */,
			);
			name = Main.storyboard;
			sourceTree = "<group>";
		};
		C8FAC5861B11474B00087B5F /* LaunchScreen.xib */ = {
			isa = PBXVariantGroup;
			children = (
				C8FAC5871B11474B00087B5F /* Base */,
			);
			name = LaunchScreen.xib;
			sourceTree = "<group>";
		};
/* End PBXVariantGroup section */

/* Begin XCBuildConfiguration section */
		C8FAC5951B11474B00087B5F /* Debug */ = {
			isa = XCBuildConfiguration;
			buildSettings = {
				ALWAYS_SEARCH_USER_PATHS = NO;
				CLANG_CXX_LANGUAGE_STANDARD = "gnu++0x";
				CLANG_CXX_LIBRARY = "libc++";
				CLANG_ENABLE_MODULES = YES;
				CLANG_ENABLE_OBJC_ARC = YES;
				CLANG_WARN_BOOL_CONVERSION = YES;
				CLANG_WARN_CONSTANT_CONVERSION = YES;
				CLANG_WARN_DIRECT_OBJC_ISA_USAGE = YES_ERROR;
				CLANG_WARN_EMPTY_BODY = YES;
				CLANG_WARN_ENUM_CONVERSION = YES;
				CLANG_WARN_INT_CONVERSION = YES;
				CLANG_WARN_OBJC_ROOT_CLASS = YES_ERROR;
				CLANG_WARN_UNREACHABLE_CODE = YES;
				CLANG_WARN__DUPLICATE_METHOD_MATCH = YES;
				"CODE_SIGN_IDENTITY[sdk=iphoneos*]" = "iPhone Developer";
				COPY_PHASE_STRIP = NO;
				DEBUG_INFORMATION_FORMAT = "dwarf-with-dsym";
				ENABLE_STRICT_OBJC_MSGSEND = YES;
				GCC_C_LANGUAGE_STANDARD = gnu99;
				GCC_DYNAMIC_NO_PIC = NO;
				GCC_NO_COMMON_BLOCKS = YES;
				GCC_OPTIMIZATION_LEVEL = 0;
				GCC_PREPROCESSOR_DEFINITIONS = (
					"DEBUG=1",
					"$(inherited)",
				);
				GCC_SYMBOLS_PRIVATE_EXTERN = NO;
				GCC_WARN_64_TO_32_BIT_CONVERSION = YES;
				GCC_WARN_ABOUT_RETURN_TYPE = YES_ERROR;
				GCC_WARN_UNDECLARED_SELECTOR = YES;
				GCC_WARN_UNINITIALIZED_AUTOS = YES_AGGRESSIVE;
				GCC_WARN_UNUSED_FUNCTION = YES;
				GCC_WARN_UNUSED_VARIABLE = YES;
				IPHONEOS_DEPLOYMENT_TARGET = 8.3;
				MTL_ENABLE_DEBUG_INFO = YES;
				ONLY_ACTIVE_ARCH = YES;
				SDKROOT = iphoneos;
				SWIFT_OPTIMIZATION_LEVEL = "-Onone";
			};
			name = Debug;
		};
		C8FAC5961B11474B00087B5F /* Release */ = {
			isa = XCBuildConfiguration;
			buildSettings = {
				ALWAYS_SEARCH_USER_PATHS = NO;
				CLANG_CXX_LANGUAGE_STANDARD = "gnu++0x";
				CLANG_CXX_LIBRARY = "libc++";
				CLANG_ENABLE_MODULES = YES;
				CLANG_ENABLE_OBJC_ARC = YES;
				CLANG_WARN_BOOL_CONVERSION = YES;
				CLANG_WARN_CONSTANT_CONVERSION = YES;
				CLANG_WARN_DIRECT_OBJC_ISA_USAGE = YES_ERROR;
				CLANG_WARN_EMPTY_BODY = YES;
				CLANG_WARN_ENUM_CONVERSION = YES;
				CLANG_WARN_INT_CONVERSION = YES;
				CLANG_WARN_OBJC_ROOT_CLASS = YES_ERROR;
				CLANG_WARN_UNREACHABLE_CODE = YES;
				CLANG_WARN__DUPLICATE_METHOD_MATCH = YES;
				"CODE_SIGN_IDENTITY[sdk=iphoneos*]" = "iPhone Developer";
				COPY_PHASE_STRIP = NO;
				DEBUG_INFORMATION_FORMAT = "dwarf-with-dsym";
				ENABLE_NS_ASSERTIONS = NO;
				ENABLE_STRICT_OBJC_MSGSEND = YES;
				GCC_C_LANGUAGE_STANDARD = gnu99;
				GCC_NO_COMMON_BLOCKS = YES;
				GCC_WARN_64_TO_32_BIT_CONVERSION = YES;
				GCC_WARN_ABOUT_RETURN_TYPE = YES_ERROR;
				GCC_WARN_UNDECLARED_SELECTOR = YES;
				GCC_WARN_UNINITIALIZED_AUTOS = YES_AGGRESSIVE;
				GCC_WARN_UNUSED_FUNCTION = YES;
				GCC_WARN_UNUSED_VARIABLE = YES;
				IPHONEOS_DEPLOYMENT_TARGET = 8.3;
				MTL_ENABLE_DEBUG_INFO = NO;
				SDKROOT = iphoneos;
				VALIDATE_PRODUCT = YES;
			};
			name = Release;
		};
		C8FAC5981B11474B00087B5F /* Debug */ = {
			isa = XCBuildConfiguration;
			buildSettings = {
				ASSETCATALOG_COMPILER_APPICON_NAME = AppIcon;
				CODE_SIGN_IDENTITY = "iPhone Developer";
				"CODE_SIGN_IDENTITY[sdk=iphoneos*]" = "iPhone Developer";
				INFOPLIST_FILE = pushplay/Info.plist;
				LD_RUNPATH_SEARCH_PATHS = "$(inherited) @executable_path/Frameworks";
				PRODUCT_NAME = "$(TARGET_NAME)";
				PROVISIONING_PROFILE = "";
			};
			name = Debug;
		};
		C8FAC5991B11474B00087B5F /* Release */ = {
			isa = XCBuildConfiguration;
			buildSettings = {
				ASSETCATALOG_COMPILER_APPICON_NAME = AppIcon;
				CODE_SIGN_IDENTITY = "iPhone Developer";
				"CODE_SIGN_IDENTITY[sdk=iphoneos*]" = "iPhone Developer";
				INFOPLIST_FILE = pushplay/Info.plist;
				LD_RUNPATH_SEARCH_PATHS = "$(inherited) @executable_path/Frameworks";
				PRODUCT_NAME = "$(TARGET_NAME)";
				PROVISIONING_PROFILE = "";
			};
			name = Release;
		};
		C8FAC59B1B11474B00087B5F /* Debug */ = {
			isa = XCBuildConfiguration;
			buildSettings = {
				BUNDLE_LOADER = "$(TEST_HOST)";
				FRAMEWORK_SEARCH_PATHS = (
					"$(SDKROOT)/Developer/Library/Frameworks",
					"$(inherited)",
				);
				GCC_PREPROCESSOR_DEFINITIONS = (
					"DEBUG=1",
					"$(inherited)",
				);
				INFOPLIST_FILE = pushplayTests/Info.plist;
				LD_RUNPATH_SEARCH_PATHS = "$(inherited) @executable_path/Frameworks @loader_path/Frameworks";
				PRODUCT_NAME = "$(TARGET_NAME)";
				TEST_HOST = "$(BUILT_PRODUCTS_DIR)/pushplay.app/pushplay";
			};
			name = Debug;
		};
		C8FAC59C1B11474B00087B5F /* Release */ = {
			isa = XCBuildConfiguration;
			buildSettings = {
				BUNDLE_LOADER = "$(TEST_HOST)";
				FRAMEWORK_SEARCH_PATHS = (
					"$(SDKROOT)/Developer/Library/Frameworks",
					"$(inherited)",
				);
				INFOPLIST_FILE = pushplayTests/Info.plist;
				LD_RUNPATH_SEARCH_PATHS = "$(inherited) @executable_path/Frameworks @loader_path/Frameworks";
				PRODUCT_NAME = "$(TARGET_NAME)";
				TEST_HOST = "$(BUILT_PRODUCTS_DIR)/pushplay.app/pushplay";
			};
			name = Release;
		};
/* End XCBuildConfiguration section */

/* Begin XCConfigurationList section */
		C8FAC5731B11474B00087B5F /* Build configuration list for PBXProject "pushplay" */ = {
			isa = XCConfigurationList;
			buildConfigurations = (
				C8FAC5951B11474B00087B5F /* Debug */,
				C8FAC5961B11474B00087B5F /* Release */,
			);
			defaultConfigurationIsVisible = 0;
			defaultConfigurationName = Release;
		};
		C8FAC5971B11474B00087B5F /* Build configuration list for PBXNativeTarget "pushplay" */ = {
			isa = XCConfigurationList;
			buildConfigurations = (
				C8FAC5981B11474B00087B5F /* Debug */,
				C8FAC5991B11474B00087B5F /* Release */,
			);
			defaultConfigurationIsVisible = 0;
			defaultConfigurationName = Release;
		};
		C8FAC59A1B11474B00087B5F /* Build configuration list for PBXNativeTarget "pushplayTests" */ = {
			isa = XCConfigurationList;
			buildConfigurations = (
				C8FAC59B1B11474B00087B5F /* Debug */,
				C8FAC59C1B11474B00087B5F /* Release */,
			);
			defaultConfigurationIsVisible = 0;
			defaultConfigurationName = Release;
		};
/* End XCConfigurationList section */
	};
	rootObject = C8FAC5701B11474B00087B5F /* Project object */;
}
